
Microsoft Visual Studio Solution File, Format Version 12.00
# Visual Studio Version 17
VisualStudioVersion = 17.14.36429.23 d17.14
MinimumVisualStudioVersion = 10.0.40219.1
Project("{FAE04EC0-301F-11D3-BF4B-00C04F79EFBC}") = "ProjectA", "ProjectA\ProjectA.csproj", "{18F90212-62A9-4DD1-9C8C-A45E944AE595}"
EndProject
Global
	GlobalSection(SolutionConfigurationPlatforms) = preSolution
		Debug|Any CPU = Debug|Any CPU
		Release|Any CPU = Release|Any CPU
	EndGlobalSection
	GlobalSection(ProjectConfigurationPlatforms) = postSolution
		{18F90212-62A9-4DD1-9C8C-A45E944AE595}.Debug|Any CPU.ActiveCfg = Debug|Any CPU
		{18F90212-62A9-4DD1-9C8C-A45E944AE595}.Debug|Any CPU.Build.0 = Debug|Any CPU
		{18F90212-62A9-4DD1-9C8C-A45E944AE595}.Release|Any CPU.ActiveCfg = Release|Any CPU
		{18F90212-62A9-4DD1-9C8C-A45E944AE595}.Release|Any CPU.Build.0 = Release|Any CPU
	EndGlobalSection
	GlobalSection(SolutionProperties) = preSolution
		HideSolutionNode = FALSE
	EndGlobalSection
	GlobalSection(ExtensibilityGlobals) = postSolution
		SolutionGuid = {34755B25-62CA-4A95-9B82-A74C0A7950CF}
	EndGlobalSection
EndGlobal
